
Microsoft Visual Studio Solution File, Format Version 12.00
# Visual Studio Version 16
VisualStudioVersion = 16.0.31605.320
MinimumVisualStudioVersion = 10.0.40219.1
Project("{FAE04EC0-301F-11D3-BF4B-00C04F79EFBC}") = "pipeline", "pipeline\pipeline.csproj", "{577BC776-A1F2-413B-959C-333B03AF116A}"
EndProject
Global
	GlobalSection(SolutionConfigurationPlatforms) = preSolution
		Debug|Any CPU = Debug|Any CPU
		Release|Any CPU = Release|Any CPU
	EndGlobalSection
	GlobalSection(ProjectConfigurationPlatforms) = postSolution
		{577BC776-A1F2-413B-959C-333B03AF116A}.Debug|Any CPU.ActiveCfg = Debug|Any CPU
		{577BC776-A1F2-413B-959C-333B03AF116A}.Debug|Any CPU.Build.0 = Debug|Any CPU
		{577BC776-A1F2-413B-959C-333B03AF116A}.Release|Any CPU.ActiveCfg = Release|Any CPU
		{577BC776-A1F2-413B-959C-333B03AF116A}.Release|Any CPU.Build.0 = Release|Any CPU
	EndGlobalSection
	GlobalSection(SolutionProperties) = preSolution
		HideSolutionNode = FALSE
	EndGlobalSection
	GlobalSection(ExtensibilityGlobals) = postSolution
		SolutionGuid = {2D626B34-6E15-44A1-BAC3-2D08FF594D60}
	EndGlobalSection
EndGlobal
